
Microsoft Visual Studio Solution File, Format Version 12.00
# Visual Studio Version 17
VisualStudioVersion = 17.10.35013.160
MinimumVisualStudioVersion = 10.0.40219.1
Project("{2150E333-8FDC-42A3-9474-1A3956D46DE8}") = "Services", "Services", "{018FA45D-5D60-46DD-9C91-42D0B2EDE50A}"
EndProject
Project("{2150E333-8FDC-42A3-9474-1A3956D46DE8}") = "Catalog", "Catalog", "{87C70FCE-DBB2-4BA1-8D56-B5B669157E75}"
EndProject
Project("{9A19103F-16F7-4668-BE54-9A1E7A4F7556}") = "Catalog.API", "Services\Catalog\Catalog.API\Catalog.API.csproj", "{8BF55DEC-E74F-41B0-B59C-F4AFE92231AF}"
EndProject
Project("{9A19103F-16F7-4668-BE54-9A1E7A4F7556}") = "Catalog.Application", "Services\Catalog\Catalog.Application\Catalog.Application.csproj", "{E491C4C6-71EB-45BF-B9AB-B77E2BB458CE}"
EndProject
Project("{9A19103F-16F7-4668-BE54-9A1E7A4F7556}") = "Catalog.Core", "Services\Catalog\Catalog.Core\Catalog.Core.csproj", "{646D3F09-A421-45B3-ADC8-F9D4817502FA}"
EndProject
Project("{9A19103F-16F7-4668-BE54-9A1E7A4F7556}") = "Catalog.Infrastructure", "Services\Catalog\Catalog.Infrastructure\Catalog.Infrastructure.csproj", "{730A57FB-B8F5-42A5-BE05-04E349837AE8}"
EndProject
Project("{E53339B2-1760-4266-BCC7-CA923CBCF16C}") = "docker-compose", "docker-compose.dcproj", "{5CBE9DD4-8C12-4A7D-8458-AE6959DB04CF}"
EndProject
Project("{2150E333-8FDC-42A3-9474-1A3956D46DE8}") = "Basket", "Basket", "{8B9E5ACF-17CA-4EA7-BCDD-33251E333C7B}"
EndProject
Project("{9A19103F-16F7-4668-BE54-9A1E7A4F7556}") = "Basket.API", "Services\Basket\Basket.API\Basket.API.csproj", "{B5DB4E99-D6B1-4BA6-9C57-3BFDE05F65C2}"
EndProject
Project("{9A19103F-16F7-4668-BE54-9A1E7A4F7556}") = "Basket.Application", "Services\Basket\Basket.Application\Basket.Application.csproj", "{5E5CA90A-61AE-4958-B3F1-DA6EFD42AB5E}"
EndProject
Project("{9A19103F-16F7-4668-BE54-9A1E7A4F7556}") = "Basket.Core", "Services\Basket\Basket.Core\Basket.Core.csproj", "{C4FA3C06-5975-4727-B6FA-9A47E8AEBA2F}"
EndProject
Project("{9A19103F-16F7-4668-BE54-9A1E7A4F7556}") = "Basket.Infrastructure", "Services\Basket\Basket.Infrastructure\Basket.Infrastructure.csproj", "{F1DE79A0-D5BE-4C8B-8832-A721D7351EAB}"
EndProject
Project("{2150E333-8FDC-42A3-9474-1A3956D46DE8}") = "Discount", "Discount", "{D04F3E9A-B3FD-4332-86E5-4E2AAFBCBE1C}"
EndProject
Project("{9A19103F-16F7-4668-BE54-9A1E7A4F7556}") = "Discount.API", "Services\Discount\Discount.API\Discount.API.csproj", "{3AA70B83-0504-4AA1-B9B3-AB68CF037888}"
EndProject
Project("{9A19103F-16F7-4668-BE54-9A1E7A4F7556}") = "Discount.Application", "Services\Discount\Discount.Application\Discount.Application.csproj", "{46D319D6-46C1-4FBC-A1F1-C2360974EB38}"
EndProject
Project("{9A19103F-16F7-4668-BE54-9A1E7A4F7556}") = "Discount.Core", "Services\Discount\Discount.Core\Discount.Core.csproj", "{8BB36ECD-990B-49C1-89FB-6A2C0CED668D}"
EndProject
Project("{9A19103F-16F7-4668-BE54-9A1E7A4F7556}") = "Discount.Infrastructure", "Services\Discount\Discount.Infrastructure\Discount.Infrastructure.csproj", "{339472AB-3C35-4F8F-913F-E2F79E7FE17A}"
EndProject
Project("{2150E333-8FDC-42A3-9474-1A3956D46DE8}") = "Ordering", "Ordering", "{5A282D35-7202-4276-80F1-188983362A84}"
EndProject
Project("{9A19103F-16F7-4668-BE54-9A1E7A4F7556}") = "Ordering.API", "Services\Ordering\Ordering.API\Ordering.API.csproj", "{FDC2E79B-4AC1-4350-B3C6-2BFD6FD65D27}"
EndProject
Project("{9A19103F-16F7-4668-BE54-9A1E7A4F7556}") = "Ordering.Application", "Services\Ordering\Ordering.Application\Ordering.Application.csproj", "{59BCB17A-B1A5-41E2-9F2C-F64E721D304A}"
EndProject
Project("{9A19103F-16F7-4668-BE54-9A1E7A4F7556}") = "Ordering.Core", "Services\Ordering\Ordering.Core\Ordering.Core.csproj", "{482105B3-68EE-4A74-8C68-0CFF2311BC5A}"
EndProject
Project("{9A19103F-16F7-4668-BE54-9A1E7A4F7556}") = "Ordering.Infrastructure", "Services\Ordering\Ordering.Infrastructure\Ordering.Infrastructure.csproj", "{F980F6A9-DC78-4733-B541-9ACB606A4F8E}"
EndProject
Project("{2150E333-8FDC-42A3-9474-1A3956D46DE8}") = "Infrastructure", "Infrastructure", "{EF41EDAC-594C-4B1E-B172-8EB459AD8C3F}"
EndProject
Project("{9A19103F-16F7-4668-BE54-9A1E7A4F7556}") = "EventBus.Messages", "Infrastructure\EventBus.Messages\EventBus.Messages.csproj", "{6839A7A0-3011-4BAD-8007-C1FD734B8E5B}"
EndProject
Project("{9A19103F-16F7-4668-BE54-9A1E7A4F7556}") = "Common.Logging", "Infrastructure\Common.Logging\Common.Logging.csproj", "{205553A9-4D6A-402F-9F3B-E2C41BFA6116}"
EndProject
Project("{2150E333-8FDC-42A3-9474-1A3956D46DE8}") = "ApiGateways", "ApiGateways", "{5B7A1DE6-9525-4A1B-B556-FAC0091ADD2D}"
EndProject
Project("{9A19103F-16F7-4668-BE54-9A1E7A4F7556}") = "Ocelot.ApiGateway", "ApiGateways\Ocelot.ApiGateway\Ocelot.ApiGateway.csproj", "{166EACF6-8BFE-4284-9D7C-C0E2282F4932}"
EndProject
Global
	GlobalSection(SolutionConfigurationPlatforms) = preSolution
		Debug|Any CPU = Debug|Any CPU
		Release|Any CPU = Release|Any CPU
	EndGlobalSection
	GlobalSection(ProjectConfigurationPlatforms) = postSolution
		{8BF55DEC-E74F-41B0-B59C-F4AFE92231AF}.Debug|Any CPU.ActiveCfg = Debug|Any CPU
		{8BF55DEC-E74F-41B0-B59C-F4AFE92231AF}.Debug|Any CPU.Build.0 = Debug|Any CPU
		{8BF55DEC-E74F-41B0-B59C-F4AFE92231AF}.Release|Any CPU.ActiveCfg = Release|Any CPU
		{8BF55DEC-E74F-41B0-B59C-F4AFE92231AF}.Release|Any CPU.Build.0 = Release|Any CPU
		{E491C4C6-71EB-45BF-B9AB-B77E2BB458CE}.Debug|Any CPU.ActiveCfg = Debug|Any CPU
		{E491C4C6-71EB-45BF-B9AB-B77E2BB458CE}.Debug|Any CPU.Build.0 = Debug|Any CPU
		{E491C4C6-71EB-45BF-B9AB-B77E2BB458CE}.Release|Any CPU.ActiveCfg = Release|Any CPU
		{E491C4C6-71EB-45BF-B9AB-B77E2BB458CE}.Release|Any CPU.Build.0 = Release|Any CPU
		{646D3F09-A421-45B3-ADC8-F9D4817502FA}.Debug|Any CPU.ActiveCfg = Debug|Any CPU
		{646D3F09-A421-45B3-ADC8-F9D4817502FA}.Debug|Any CPU.Build.0 = Debug|Any CPU
		{646D3F09-A421-45B3-ADC8-F9D4817502FA}.Release|Any CPU.ActiveCfg = Release|Any CPU
		{646D3F09-A421-45B3-ADC8-F9D4817502FA}.Release|Any CPU.Build.0 = Release|Any CPU
		{730A57FB-B8F5-42A5-BE05-04E349837AE8}.Debug|Any CPU.ActiveCfg = Debug|Any CPU
		{730A57FB-B8F5-42A5-BE05-04E349837AE8}.Debug|Any CPU.Build.0 = Debug|Any CPU
		{730A57FB-B8F5-42A5-BE05-04E349837AE8}.Release|Any CPU.ActiveCfg = Release|Any CPU
		{730A57FB-B8F5-42A5-BE05-04E349837AE8}.Release|Any CPU.Build.0 = Release|Any CPU
		{5CBE9DD4-8C12-4A7D-8458-AE6959DB04CF}.Debug|Any CPU.ActiveCfg = Debug|Any CPU
		{5CBE9DD4-8C12-4A7D-8458-AE6959DB04CF}.Debug|Any CPU.Build.0 = Debug|Any CPU
		{5CBE9DD4-8C12-4A7D-8458-AE6959DB04CF}.Release|Any CPU.ActiveCfg = Release|Any CPU
		{5CBE9DD4-8C12-4A7D-8458-AE6959DB04CF}.Release|Any CPU.Build.0 = Release|Any CPU
		{B5DB4E99-D6B1-4BA6-9C57-3BFDE05F65C2}.Debug|Any CPU.ActiveCfg = Debug|Any CPU
		{B5DB4E99-D6B1-4BA6-9C57-3BFDE05F65C2}.Debug|Any CPU.Build.0 = Debug|Any CPU
		{B5DB4E99-D6B1-4BA6-9C57-3BFDE05F65C2}.Release|Any CPU.ActiveCfg = Release|Any CPU
		{B5DB4E99-D6B1-4BA6-9C57-3BFDE05F65C2}.Release|Any CPU.Build.0 = Release|Any CPU
		{5E5CA90A-61AE-4958-B3F1-DA6EFD42AB5E}.Debug|Any CPU.ActiveCfg = Debug|Any CPU
		{5E5CA90A-61AE-4958-B3F1-DA6EFD42AB5E}.Debug|Any CPU.Build.0 = Debug|Any CPU
		{5E5CA90A-61AE-4958-B3F1-DA6EFD42AB5E}.Release|Any CPU.ActiveCfg = Release|Any CPU
		{5E5CA90A-61AE-4958-B3F1-DA6EFD42AB5E}.Release|Any CPU.Build.0 = Release|Any CPU
		{C4FA3C06-5975-4727-B6FA-9A47E8AEBA2F}.Debug|Any CPU.ActiveCfg = Debug|Any CPU
		{C4FA3C06-5975-4727-B6FA-9A47E8AEBA2F}.Debug|Any CPU.Build.0 = Debug|Any CPU
		{C4FA3C06-5975-4727-B6FA-9A47E8AEBA2F}.Release|Any CPU.ActiveCfg = Release|Any CPU
		{C4FA3C06-5975-4727-B6FA-9A47E8AEBA2F}.Release|Any CPU.Build.0 = Release|Any CPU
		{F1DE79A0-D5BE-4C8B-8832-A721D7351EAB}.Debug|Any CPU.ActiveCfg = Debug|Any CPU
		{F1DE79A0-D5BE-4C8B-8832-A721D7351EAB}.Debug|Any CPU.Build.0 = Debug|Any CPU
		{F1DE79A0-D5BE-4C8B-8832-A721D7351EAB}.Release|Any CPU.ActiveCfg = Release|Any CPU
		{F1DE79A0-D5BE-4C8B-8832-A721D7351EAB}.Release|Any CPU.Build.0 = Release|Any CPU
		{3AA70B83-0504-4AA1-B9B3-AB68CF037888}.Debug|Any CPU.ActiveCfg = Debug|Any CPU
		{3AA70B83-0504-4AA1-B9B3-AB68CF037888}.Debug|Any CPU.Build.0 = Debug|Any CPU
		{3AA70B83-0504-4AA1-B9B3-AB68CF037888}.Release|Any CPU.ActiveCfg = Release|Any CPU
		{3AA70B83-0504-4AA1-B9B3-AB68CF037888}.Release|Any CPU.Build.0 = Release|Any CPU
		{46D319D6-46C1-4FBC-A1F1-C2360974EB38}.Debug|Any CPU.ActiveCfg = Debug|Any CPU
		{46D319D6-46C1-4FBC-A1F1-C2360974EB38}.Debug|Any CPU.Build.0 = Debug|Any CPU
		{46D319D6-46C1-4FBC-A1F1-C2360974EB38}.Release|Any CPU.ActiveCfg = Release|Any CPU
		{46D319D6-46C1-4FBC-A1F1-C2360974EB38}.Release|Any CPU.Build.0 = Release|Any CPU
		{8BB36ECD-990B-49C1-89FB-6A2C0CED668D}.Debug|Any CPU.ActiveCfg = Debug|Any CPU
		{8BB36ECD-990B-49C1-89FB-6A2C0CED668D}.Debug|Any CPU.Build.0 = Debug|Any CPU
		{8BB36ECD-990B-49C1-89FB-6A2C0CED668D}.Release|Any CPU.ActiveCfg = Release|Any CPU
		{8BB36ECD-990B-49C1-89FB-6A2C0CED668D}.Release|Any CPU.Build.0 = Release|Any CPU
		{339472AB-3C35-4F8F-913F-E2F79E7FE17A}.Debug|Any CPU.ActiveCfg = Debug|Any CPU
		{339472AB-3C35-4F8F-913F-E2F79E7FE17A}.Debug|Any CPU.Build.0 = Debug|Any CPU
		{339472AB-3C35-4F8F-913F-E2F79E7FE17A}.Release|Any CPU.ActiveCfg = Release|Any CPU
		{339472AB-3C35-4F8F-913F-E2F79E7FE17A}.Release|Any CPU.Build.0 = Release|Any CPU
		{FDC2E79B-4AC1-4350-B3C6-2BFD6FD65D27}.Debug|Any CPU.ActiveCfg = Debug|Any CPU
		{FDC2E79B-4AC1-4350-B3C6-2BFD6FD65D27}.Debug|Any CPU.Build.0 = Debug|Any CPU
		{FDC2E79B-4AC1-4350-B3C6-2BFD6FD65D27}.Release|Any CPU.ActiveCfg = Release|Any CPU
		{FDC2E79B-4AC1-4350-B3C6-2BFD6FD65D27}.Release|Any CPU.Build.0 = Release|Any CPU
		{59BCB17A-B1A5-41E2-9F2C-F64E721D304A}.Debug|Any CPU.ActiveCfg = Debug|Any CPU
		{59BCB17A-B1A5-41E2-9F2C-F64E721D304A}.Debug|Any CPU.Build.0 = Debug|Any CPU
		{59BCB17A-B1A5-41E2-9F2C-F64E721D304A}.Release|Any CPU.ActiveCfg = Release|Any CPU
		{59BCB17A-B1A5-41E2-9F2C-F64E721D304A}.Release|Any CPU.Build.0 = Release|Any CPU
		{482105B3-68EE-4A74-8C68-0CFF2311BC5A}.Debug|Any CPU.ActiveCfg = Debug|Any CPU
		{482105B3-68EE-4A74-8C68-0CFF2311BC5A}.Debug|Any CPU.Build.0 = Debug|Any CPU
		{482105B3-68EE-4A74-8C68-0CFF2311BC5A}.Release|Any CPU.ActiveCfg = Release|Any CPU
		{482105B3-68EE-4A74-8C68-0CFF2311BC5A}.Release|Any CPU.Build.0 = Release|Any CPU
		{F980F6A9-DC78-4733-B541-9ACB606A4F8E}.Debug|Any CPU.ActiveCfg = Debug|Any CPU
		{F980F6A9-DC78-4733-B541-9ACB606A4F8E}.Debug|Any CPU.Build.0 = Debug|Any CPU
		{F980F6A9-DC78-4733-B541-9ACB606A4F8E}.Release|Any CPU.ActiveCfg = Release|Any CPU
		{F980F6A9-DC78-4733-B541-9ACB606A4F8E}.Release|Any CPU.Build.0 = Release|Any CPU
		{6839A7A0-3011-4BAD-8007-C1FD734B8E5B}.Debug|Any CPU.ActiveCfg = Debug|Any CPU
		{6839A7A0-3011-4BAD-8007-C1FD734B8E5B}.Debug|Any CPU.Build.0 = Debug|Any CPU
		{6839A7A0-3011-4BAD-8007-C1FD734B8E5B}.Release|Any CPU.ActiveCfg = Release|Any CPU
		{6839A7A0-3011-4BAD-8007-C1FD734B8E5B}.Release|Any CPU.Build.0 = Release|Any CPU
		{205553A9-4D6A-402F-9F3B-E2C41BFA6116}.Debug|Any CPU.ActiveCfg = Debug|Any CPU
		{205553A9-4D6A-402F-9F3B-E2C41BFA6116}.Debug|Any CPU.Build.0 = Debug|Any CPU
		{205553A9-4D6A-402F-9F3B-E2C41BFA6116}.Release|Any CPU.ActiveCfg = Release|Any CPU
		{205553A9-4D6A-402F-9F3B-E2C41BFA6116}.Release|Any CPU.Build.0 = Release|Any CPU
		{166EACF6-8BFE-4284-9D7C-C0E2282F4932}.Debug|Any CPU.ActiveCfg = Debug|Any CPU
		{166EACF6-8BFE-4284-9D7C-C0E2282F4932}.Debug|Any CPU.Build.0 = Debug|Any CPU
		{166EACF6-8BFE-4284-9D7C-C0E2282F4932}.Release|Any CPU.ActiveCfg = Release|Any CPU
		{166EACF6-8BFE-4284-9D7C-C0E2282F4932}.Release|Any CPU.Build.0 = Release|Any CPU
	EndGlobalSection
	GlobalSection(SolutionProperties) = preSolution
		HideSolutionNode = FALSE
	EndGlobalSection
	GlobalSection(NestedProjects) = preSolution
		{87C70FCE-DBB2-4BA1-8D56-B5B669157E75} = {018FA45D-5D60-46DD-9C91-42D0B2EDE50A}
		{8BF55DEC-E74F-41B0-B59C-F4AFE92231AF} = {87C70FCE-DBB2-4BA1-8D56-B5B669157E75}
		{E491C4C6-71EB-45BF-B9AB-B77E2BB458CE} = {87C70FCE-DBB2-4BA1-8D56-B5B669157E75}
		{646D3F09-A421-45B3-ADC8-F9D4817502FA} = {87C70FCE-DBB2-4BA1-8D56-B5B669157E75}
		{730A57FB-B8F5-42A5-BE05-04E349837AE8} = {87C70FCE-DBB2-4BA1-8D56-B5B669157E75}
		{8B9E5ACF-17CA-4EA7-BCDD-33251E333C7B} = {018FA45D-5D60-46DD-9C91-42D0B2EDE50A}
		{B5DB4E99-D6B1-4BA6-9C57-3BFDE05F65C2} = {8B9E5ACF-17CA-4EA7-BCDD-33251E333C7B}
		{5E5CA90A-61AE-4958-B3F1-DA6EFD42AB5E} = {8B9E5ACF-17CA-4EA7-BCDD-33251E333C7B}
		{C4FA3C06-5975-4727-B6FA-9A47E8AEBA2F} = {8B9E5ACF-17CA-4EA7-BCDD-33251E333C7B}
		{F1DE79A0-D5BE-4C8B-8832-A721D7351EAB} = {8B9E5ACF-17CA-4EA7-BCDD-33251E333C7B}
		{D04F3E9A-B3FD-4332-86E5-4E2AAFBCBE1C} = {018FA45D-5D60-46DD-9C91-42D0B2EDE50A}
		{3AA70B83-0504-4AA1-B9B3-AB68CF037888} = {D04F3E9A-B3FD-4332-86E5-4E2AAFBCBE1C}
		{46D319D6-46C1-4FBC-A1F1-C2360974EB38} = {D04F3E9A-B3FD-4332-86E5-4E2AAFBCBE1C}
		{8BB36ECD-990B-49C1-89FB-6A2C0CED668D} = {D04F3E9A-B3FD-4332-86E5-4E2AAFBCBE1C}
		{339472AB-3C35-4F8F-913F-E2F79E7FE17A} = {D04F3E9A-B3FD-4332-86E5-4E2AAFBCBE1C}
		{5A282D35-7202-4276-80F1-188983362A84} = {018FA45D-5D60-46DD-9C91-42D0B2EDE50A}
		{FDC2E79B-4AC1-4350-B3C6-2BFD6FD65D27} = {5A282D35-7202-4276-80F1-188983362A84}
		{59BCB17A-B1A5-41E2-9F2C-F64E721D304A} = {5A282D35-7202-4276-80F1-188983362A84}
		{482105B3-68EE-4A74-8C68-0CFF2311BC5A} = {5A282D35-7202-4276-80F1-188983362A84}
		{F980F6A9-DC78-4733-B541-9ACB606A4F8E} = {5A282D35-7202-4276-80F1-188983362A84}
		{6839A7A0-3011-4BAD-8007-C1FD734B8E5B} = {EF41EDAC-594C-4B1E-B172-8EB459AD8C3F}
		{205553A9-4D6A-402F-9F3B-E2C41BFA6116} = {EF41EDAC-594C-4B1E-B172-8EB459AD8C3F}
		{166EACF6-8BFE-4284-9D7C-C0E2282F4932} = {5B7A1DE6-9525-4A1B-B556-FAC0091ADD2D}
	EndGlobalSection
	GlobalSection(ExtensibilityGlobals) = postSolution
		SolutionGuid = {7810DC8F-99D4-4C10-89E7-793B6DE33323}
	EndGlobalSection
EndGlobal
